// !$*UTF8*$!
{
	archiveVersion = 1;
	classes = {
	};
	objectVersion = 56;
	objects = {

/* Begin PBXBuildFile section */
		6D8D14DE2AC1C7BB0006E39E /* VroombaApp.swift in Sources */ = {isa = PBXBuildFile; fileRef = 6D8D14DD2AC1C7BB0006E39E /* VroombaApp.swift */; };
		6D8D14E02AC1C7BB0006E39E /* ContentView.swift in Sources */ = {isa = PBXBuildFile; fileRef = 6D8D14DF2AC1C7BB0006E39E /* ContentView.swift */; };
		6D8D14E22AC1C7BC0006E39E /* Assets.xcassets in Resources */ = {isa = PBXBuildFile; fileRef = 6D8D14E12AC1C7BC0006E39E /* Assets.xcassets */; };
		6D8D14E52AC1C7BC0006E39E /* Preview Assets.xcassets in Resources */ = {isa = PBXBuildFile; fileRef = 6D8D14E42AC1C7BC0006E39E /* Preview Assets.xcassets */; };
		6D96158B2B6838ED00CE4456 /* Handler.swift in Sources */ = {isa = PBXBuildFile; fileRef = 6D96158A2B6838ED00CE4456 /* Handler.swift */; };
		6D96158F2B68FBAF00CE4456 /* Joystick.swift in Sources */ = {isa = PBXBuildFile; fileRef = 6D96158E2B68FBAF00CE4456 /* Joystick.swift */; };
		6DBAC4222B87C6F5000D39D7 /* Tilt.swift in Sources */ = {isa = PBXBuildFile; fileRef = 6DBAC4212B87C6F5000D39D7 /* Tilt.swift */; };
/* End PBXBuildFile section */

/* Begin PBXFileReference section */
		6D8D14DA2AC1C7BB0006E39E /* Vroomba.app */ = {isa = PBXFileReference; explicitFileType = wrapper.application; includeInIndex = 0; path = Vroomba.app; sourceTree = BUILT_PRODUCTS_DIR; };
		6D8D14DD2AC1C7BB0006E39E /* VroombaApp.swift */ = {isa = PBXFileReference; lastKnownFileType = sourcecode.swift; path = VroombaApp.swift; sourceTree = "<group>"; };
		6D8D14DF2AC1C7BB0006E39E /* ContentView.swift */ = {isa = PBXFileReference; lastKnownFileType = sourcecode.swift; path = ContentView.swift; sourceTree = "<group>"; };
		6D8D14E12AC1C7BC0006E39E /* Assets.xcassets */ = {isa = PBXFileReference; lastKnownFileType = folder.assetcatalog; path = Assets.xcassets; sourceTree = "<group>"; };
		6D8D14E42AC1C7BC0006E39E /* Preview Assets.xcassets */ = {isa = PBXFileReference; lastKnownFileType = folder.assetcatalog; path = "Preview Assets.xcassets"; sourceTree = "<group>"; };
		6D96158A2B6838ED00CE4456 /* Handler.swift */ = {isa = PBXFileReference; lastKnownFileType = sourcecode.swift; path = Handler.swift; sourceTree = "<group>"; };
		6D96158E2B68FBAF00CE4456 /* Joystick.swift */ = {isa = PBXFileReference; lastKnownFileType = sourcecode.swift; path = Joystick.swift; sourceTree = "<group>"; };
		6DBAC4212B87C6F5000D39D7 /* Tilt.swift */ = {isa = PBXFileReference; lastKnownFileType = sourcecode.swift; path = Tilt.swift; sourceTree = "<group>"; };
/* End PBXFileReference section */

/* Begin PBXFrameworksBuildPhase section */
		6D8D14D72AC1C7BB0006E39E /* Frameworks */ = {
			isa = PBXFrameworksBuildPhase;
			buildActionMask = 2147483647;
			files = (
			);
			runOnlyForDeploymentPostprocessing = 0;
		};
/* End PBXFrameworksBuildPhase section */

/* Begin PBXGroup section */
		6D8D14D12AC1C7BB0006E39E = {
			isa = PBXGroup;
			children = (
				6D8D14DC2AC1C7BB0006E39E /* Vroomba */,
				6D8D14DB2AC1C7BB0006E39E /* Products */,
			);
			sourceTree = "<group>";
		};
		6D8D14DB2AC1C7BB0006E39E /* Products */ = {
			isa = PBXGroup;
			children = (
				6D8D14DA2AC1C7BB0006E39E /* Vroomba.app */,
			);
			name = Products;
			sourceTree = "<group>";
		};
		6D8D14DC2AC1C7BB0006E39E /* Vroomba */ = {
			isa = PBXGroup;
			children = (
				6DBAC4212B87C6F5000D39D7 /* Tilt.swift */,
				6D8D14DD2AC1C7BB0006E39E /* VroombaApp.swift */,
				6D96158A2B6838ED00CE4456 /* Handler.swift */,
				6D8D14DF2AC1C7BB0006E39E /* ContentView.swift */,
				6D96158E2B68FBAF00CE4456 /* Joystick.swift */,
				6D8D14E12AC1C7BC0006E39E /* Assets.xcassets */,
				6D8D14E32AC1C7BC0006E39E /* Preview Content */,
			);
			path = Vroomba;
			sourceTree = "<group>";
		};
		6D8D14E32AC1C7BC0006E39E /* Preview Content */ = {
			isa = PBXGroup;
			children = (
				6D8D14E42AC1C7BC0006E39E /* Preview Assets.xcassets */,
			);
			path = "Preview Content";
			sourceTree = "<group>";
		};
/* End PBXGroup section */

/* Begin PBXNativeTarget section */
		6D8D14D92AC1C7BB0006E39E /* Vroomba */ = {
			isa = PBXNativeTarget;
			buildConfigurationList = 6D8D14E82AC1C7BC0006E39E /* Build configuration list for PBXNativeTarget "Vroomba" */;
			buildPhases = (
				6D8D14D62AC1C7BB0006E39E /* Sources */,
				6D8D14D72AC1C7BB0006E39E /* Frameworks */,
				6D8D14D82AC1C7BB0006E39E /* Resources */,
			);
			buildRules = (
			);
			dependencies = (
			);
			name = Vroomba;
			productName = Vroomba;
			productReference = 6D8D14DA2AC1C7BB0006E39E /* Vroomba.app */;
			productType = "com.apple.product-type.application";
		};
/* End PBXNativeTarget section */

/* Begin PBXProject section */
		6D8D14D22AC1C7BB0006E39E /* Project object */ = {
			isa = PBXProject;
			attributes = {
				BuildIndependentTargetsInParallel = 1;
				LastSwiftUpdateCheck = 1430;
				LastUpgradeCheck = 1430;
				TargetAttributes = {
					6D8D14D92AC1C7BB0006E39E = {
						CreatedOnToolsVersion = 14.3;
					};
				};
			};
			buildConfigurationList = 6D8D14D52AC1C7BB0006E39E /* Build configuration list for PBXProject "Vroomba" */;
			compatibilityVersion = "Xcode 14.0";
			developmentRegion = en;
			hasScannedForEncodings = 0;
			knownRegions = (
				en,
				Base,
			);
			mainGroup = 6D8D14D12AC1C7BB0006E39E;
			productRefGroup = 6D8D14DB2AC1C7BB0006E39E /* Products */;
			projectDirPath = "";
			projectRoot = "";
			targets = (
				6D8D14D92AC1C7BB0006E39E /* Vroomba */,
			);
		};
/* End PBXProject section */

/* Begin PBXResourcesBuildPhase section */
		6D8D14D82AC1C7BB0006E39E /* Resources */ = {
			isa = PBXResourcesBuildPhase;
			buildActionMask = 2147483647;
			files = (
				6D8D14E52AC1C7BC0006E39E /* Preview Assets.xcassets in Resources */,
				6D8D14E22AC1C7BC0006E39E /* Assets.xcassets in Resources */,
			);
			runOnlyForDeploymentPostprocessing = 0;
		};
/* End PBXResourcesBuildPhase section */

/* Begin PBXSourcesBuildPhase section */
		6D8D14D62AC1C7BB0006E39E /* Sources */ = {
			isa = PBXSourcesBuildPhase;
			buildActionMask = 2147483647;
			files = (
				6D8D14E02AC1C7BB0006E39E /* ContentView.swift in Sources */,
				6D96158F2B68FBAF00CE4456 /* Joystick.swift in Sources */,
				6DBAC4222B87C6F5000D39D7 /* Tilt.swift in Sources */,
				6D96158B2B6838ED00CE4456 /* Handler.swift in Sources */,
				6D8D14DE2AC1C7BB0006E39E /* VroombaApp.swift in Sources */,
			);
			runOnlyForDeploymentPostprocessing = 0;
		};
/* End PBXSourcesBuildPhase section */

/* Begin XCBuildConfiguration section */
		6D8D14E62AC1C7BC0006E39E /* Debug */ = {
			isa = XCBuildConfiguration;
			buildSettings = {
				ALWAYS_SEARCH_USER_PATHS = NO;
				CLANG_ANALYZER_NONNULL = YES;
				CLANG_ANALYZER_NUMBER_OBJECT_CONVERSION = YES_AGGRESSIVE;
				CLANG_CXX_LANGUAGE_STANDARD = "gnu++20";
				CLANG_ENABLE_MODULES = YES;
				CLANG_ENABLE_OBJC_ARC = YES;
				CLANG_ENABLE_OBJC_WEAK = YES;
				CLANG_WARN_BLOCK_CAPTURE_AUTORELEASING = YES;
				CLANG_WARN_BOOL_CONVERSION = YES;
				CLANG_WARN_COMMA = YES;
				CLANG_WARN_CONSTANT_CONVERSION = YES;
				CLANG_WARN_DEPRECATED_OBJC_IMPLEMENTATIONS = YES;
				CLANG_WARN_DIRECT_OBJC_ISA_USAGE = YES_ERROR;
				CLANG_WARN_DOCUMENTATION_COMMENTS = YES;
				CLANG_WARN_EMPTY_BODY = YES;
				CLANG_WARN_ENUM_CONVERSION = YES;
				CLANG_WARN_INFINITE_RECURSION = YES;
				CLANG_WARN_INT_CONVERSION = YES;
				CLANG_WARN_NON_LITERAL_NULL_CONVERSION = YES;
				CLANG_WARN_OBJC_IMPLICIT_RETAIN_SELF = YES;
				CLANG_WARN_OBJC_LITERAL_CONVERSION = YES;
				CLANG_WARN_OBJC_ROOT_CLASS = YES_ERROR;
				CLANG_WARN_QUOTED_INCLUDE_IN_FRAMEWORK_HEADER = YES;
				CLANG_WARN_RANGE_LOOP_ANALYSIS = YES;
				CLANG_WARN_STRICT_PROTOTYPES = YES;
				CLANG_WARN_SUSPICIOUS_MOVE = YES;
				CLANG_WARN_UNGUARDED_AVAILABILITY = YES_AGGRESSIVE;
				CLANG_WARN_UNREACHABLE_CODE = YES;
				CLANG_WARN__DUPLICATE_METHOD_MATCH = YES;
				COPY_PHASE_STRIP = NO;
				DEBUG_INFORMATION_FORMAT = dwarf;
				ENABLE_STRICT_OBJC_MSGSEND = YES;
				ENABLE_TESTABILITY = YES;
				GCC_C_LANGUAGE_STANDARD = gnu11;
				GCC_DYNAMIC_NO_PIC = NO;
				GCC_NO_COMMON_BLOCKS = YES;
				GCC_OPTIMIZATION_LEVEL = 0;
				GCC_PREPROCESSOR_DEFINITIONS = (
					"DEBUG=1",
					"$(inherited)",
				);
				GCC_WARN_64_TO_32_BIT_CONVERSION = YES;
				GCC_WARN_ABOUT_RETURN_TYPE = YES_ERROR;
				GCC_WARN_UNDECLARED_SELECTOR = YES;
				GCC_WARN_UNINITIALIZED_AUTOS = YES_AGGRESSIVE;
				GCC_WARN_UNUSED_FUNCTION = YES;
				GCC_WARN_UNUSED_VARIABLE = YES;
				IPHONEOS_DEPLOYMENT_TARGET = 17.0;
				MTL_ENABLE_DEBUG_INFO = INCLUDE_SOURCE;
				MTL_FAST_MATH = YES;
				ONLY_ACTIVE_ARCH = YES;
				SDKROOT = iphoneos;
				SWIFT_ACTIVE_COMPILATION_CONDITIONS = DEBUG;
				SWIFT_OPTIMIZATION_LEVEL = "-Onone";
			};
			name = Debug;
		};
		6D8D14E72AC1C7BC0006E39E /* Release */ = {
			isa = XCBuildConfiguration;
			buildSettings = {
				ALWAYS_SEARCH_USER_PATHS = NO;
				CLANG_ANALYZER_NONNULL = YES;
				CLANG_ANALYZER_NUMBER_OBJECT_CONVERSION = YES_AGGRESSIVE;
				CLANG_CXX_LANGUAGE_STANDARD = "gnu++20";
				CLANG_ENABLE_MODULES = YES;
				CLANG_ENABLE_OBJC_ARC = YES;
				CLANG_ENABLE_OBJC_WEAK = YES;
				CLANG_WARN_BLOCK_CAPTURE_AUTORELEASING = YES;
				CLANG_WARN_BOOL_CONVERSION = YES;
				CLANG_WARN_COMMA = YES;
				CLANG_WARN_CONSTANT_CONVERSION = YES;
				CLANG_WARN_DEPRECATED_OBJC_IMPLEMENTATIONS = YES;
				CLANG_WARN_DIRECT_OBJC_ISA_USAGE = YES_ERROR;
				CLANG_WARN_DOCUMENTATION_COMMENTS = YES;
				CLANG_WARN_EMPTY_BODY = YES;
				CLANG_WARN_ENUM_CONVERSION = YES;
				CLANG_WARN_INFINITE_RECURSION = YES;
				CLANG_WARN_INT_CONVERSION = YES;
				CLANG_WARN_NON_LITERAL_NULL_CONVERSION = YES;
				CLANG_WARN_OBJC_IMPLICIT_RETAIN_SELF = YES;
				CLANG_WARN_OBJC_LITERAL_CONVERSION = YES;
				CLANG_WARN_OBJC_ROOT_CLASS = YES_ERROR;
				CLANG_WARN_QUOTED_INCLUDE_IN_FRAMEWORK_HEADER = YES;
				CLANG_WARN_RANGE_LOOP_ANALYSIS = YES;
				CLANG_WARN_STRICT_PROTOTYPES = YES;
				CLANG_WARN_SUSPICIOUS_MOVE = YES;
				CLANG_WARN_UNGUARDED_AVAILABILITY = YES_AGGRESSIVE;
				CLANG_WARN_UNREACHABLE_CODE = YES;
				CLANG_WARN__DUPLICATE_METHOD_MATCH = YES;
				COPY_PHASE_STRIP = NO;
				DEBUG_INFORMATION_FORMAT = "dwarf-with-dsym";
				ENABLE_NS_ASSERTIONS = NO;
				ENABLE_STRICT_OBJC_MSGSEND = YES;
				GCC_C_LANGUAGE_STANDARD = gnu11;
				GCC_NO_COMMON_BLOCKS = YES;
				GCC_WARN_64_TO_32_BIT_CONVERSION = YES;
				GCC_WARN_ABOUT_RETURN_TYPE = YES_ERROR;
				GCC_WARN_UNDECLARED_SELECTOR = YES;
				GCC_WARN_UNINITIALIZED_AUTOS = YES_AGGRESSIVE;
				GCC_WARN_UNUSED_FUNCTION = YES;
				GCC_WARN_UNUSED_VARIABLE = YES;
				IPHONEOS_DEPLOYMENT_TARGET = 17.0;
				MTL_ENABLE_DEBUG_INFO = NO;
				MTL_FAST_MATH = YES;
				SDKROOT = iphoneos;
				SWIFT_COMPILATION_MODE = wholemodule;
				SWIFT_OPTIMIZATION_LEVEL = "-O";
				VALIDATE_PRODUCT = YES;
			};
			name = Release;
		};
		6D8D14E92AC1C7BC0006E39E /* Debug */ = {
			isa = XCBuildConfiguration;
			buildSettings = {
				ASSETCATALOG_COMPILER_APPICON_NAME = AppIcon;
				ASSETCATALOG_COMPILER_GLOBAL_ACCENT_COLOR_NAME = AccentColor;
				CODE_SIGN_STYLE = Automatic;
				CURRENT_PROJECT_VERSION = 1;
				DEVELOPMENT_ASSET_PATHS = "\"Vroomba/Preview Content\"";
				DEVELOPMENT_TEAM = 2HXK652M3K;
				ENABLE_PREVIEWS = YES;
				GENERATE_INFOPLIST_FILE = YES;
				INFOPLIST_KEY_UIApplicationSceneManifest_Generation = YES;
				INFOPLIST_KEY_UIApplicationSupportsIndirectInputEvents = YES;
				INFOPLIST_KEY_UILaunchScreen_Generation = YES;
				INFOPLIST_KEY_UISupportedInterfaceOrientations_iPad = "UIInterfaceOrientationPortrait UIInterfaceOrientationPortraitUpsideDown UIInterfaceOrientationLandscapeLeft UIInterfaceOrientationLandscapeRight";
				INFOPLIST_KEY_UISupportedInterfaceOrientations_iPhone = "UIInterfaceOrientationPortrait UIInterfaceOrientationLandscapeLeft UIInterfaceOrientationLandscapeRight";
				IPHONEOS_DEPLOYMENT_TARGET = 17.0;
				LD_RUNPATH_SEARCH_PATHS = (
					"$(inherited)",
					"@executable_path/Frameworks",
				);
				MARKETING_VERSION = 1.0;
				PRODUCT_BUNDLE_IDENTIFIER = com.tmate6.Vroomba;
				PRODUCT_NAME = "$(TARGET_NAME)";
				SWIFT_EMIT_LOC_STRINGS = YES;
				SWIFT_VERSION = 5.0;
				TARGETED_DEVICE_FAMILY = "1,2";
			};
			name = Debug;
		};
		6D8D14EA2AC1C7BC0006E39E /* Release */ = {
			isa = XCBuildConfiguration;
			buildSettings = {
				ASSETCATALOG_COMPILER_APPICON_NAME = AppIcon;
				ASSETCATALOG_COMPILER_GLOBAL_ACCENT_COLOR_NAME = AccentColor;
				CODE_SIGN_STYLE = Automatic;
				CURRENT_PROJECT_VERSION = 1;
				DEVELOPMENT_ASSET_PATHS = "\"Vroomba/Preview Content\"";
				DEVELOPMENT_TEAM = 2HXK652M3K;
				ENABLE_PREVIEWS = YES;
				GENERATE_INFOPLIST_FILE = YES;
				INFOPLIST_KEY_UIApplicationSceneManifest_Generation = YES;
				INFOPLIST_KEY_UIApplicationSupportsIndirectInputEvents = YES;
				INFOPLIST_KEY_UILaunchScreen_Generation = YES;
				INFOPLIST_KEY_UISupportedInterfaceOrientations_iPad = "UIInterfaceOrientationPortrait UIInterfaceOrientationPortraitUpsideDown UIInterfaceOrientationLandscapeLeft UIInterfaceOrientationLandscapeRight";
				INFOPLIST_KEY_UISupportedInterfaceOrientations_iPhone = "UIInterfaceOrientationPortrait UIInterfaceOrientationLandscapeLeft UIInterfaceOrientationLandscapeRight";
				IPHONEOS_DEPLOYMENT_TARGET = 17.0;
				LD_RUNPATH_SEARCH_PATHS = (
					"$(inherited)",
					"@executable_path/Frameworks",
				);
				MARKETING_VERSION = 1.0;
				PRODUCT_BUNDLE_IDENTIFIER = com.tmate6.Vroomba;
				PRODUCT_NAME = "$(TARGET_NAME)";
				SWIFT_EMIT_LOC_STRINGS = YES;
				SWIFT_VERSION = 5.0;
				TARGETED_DEVICE_FAMILY = "1,2";
			};
			name = Release;
		};
/* End XCBuildConfiguration section */

/* Begin XCConfigurationList section */
		6D8D14D52AC1C7BB0006E39E /* Build configuration list for PBXProject "Vroomba" */ = {
			isa = XCConfigurationList;
			buildConfigurations = (
				6D8D14E62AC1C7BC0006E39E /* Debug */,
				6D8D14E72AC1C7BC0006E39E /* Release */,
			);
			defaultConfigurationIsVisible = 0;
			defaultConfigurationName = Release;
		};
		6D8D14E82AC1C7BC0006E39E /* Build configuration list for PBXNativeTarget "Vroomba" */ = {
			isa = XCConfigurationList;
			buildConfigurations = (
				6D8D14E92AC1C7BC0006E39E /* Debug */,
				6D8D14EA2AC1C7BC0006E39E /* Release */,
			);
			defaultConfigurationIsVisible = 0;
			defaultConfigurationName = Release;
		};
/* End XCConfigurationList section */
	};
	rootObject = 6D8D14D22AC1C7BB0006E39E /* Project object */;
}
